
Microsoft Visual Studio Solution File, Format Version 12.00
# Visual Studio 15
VisualStudioVersion = 15.0.27004.2005
MinimumVisualStudioVersion = 10.0.40219.1
Project("{FAE04EC0-301F-11D3-BF4B-00C04F79EFBC}") = "Prueba boostrap", "Prueba boostrap\Prueba boostrap.csproj", "{B3ACA0AB-72BB-4D9D-8633-F6F6ECDDA8EE}"
EndProject
Global
	GlobalSection(SolutionConfigurationPlatforms) = preSolution
		Debug|Any CPU = Debug|Any CPU
		Release|Any CPU = Release|Any CPU
	EndGlobalSection
	GlobalSection(ProjectConfigurationPlatforms) = postSolution
		{B3ACA0AB-72BB-4D9D-8633-F6F6ECDDA8EE}.Debug|Any CPU.ActiveCfg = Debug|Any CPU
		{B3ACA0AB-72BB-4D9D-8633-F6F6ECDDA8EE}.Debug|Any CPU.Build.0 = Debug|Any CPU
		{B3ACA0AB-72BB-4D9D-8633-F6F6ECDDA8EE}.Release|Any CPU.ActiveCfg = Release|Any CPU
		{B3ACA0AB-72BB-4D9D-8633-F6F6ECDDA8EE}.Release|Any CPU.Build.0 = Release|Any CPU
	EndGlobalSection
	GlobalSection(SolutionProperties) = preSolution
		HideSolutionNode = FALSE
	EndGlobalSection
	GlobalSection(ExtensibilityGlobals) = postSolution
		SolutionGuid = {58E2221C-1DF1-4538-955C-D4F9144A7DFA}
	EndGlobalSection
EndGlobal
