
Microsoft Visual Studio Solution File, Format Version 12.00
# Visual Studio 15
VisualStudioVersion = 15.0.27004.2010
MinimumVisualStudioVersion = 10.0.40219.1
Project("{FAE04EC0-301F-11D3-BF4B-00C04F79EFBC}") = "17-CRUD-Personas-UWP-UI", "17-CRUD-Personas-UWP\17-CRUD-Personas-UWP-UI.csproj", "{FDDF6986-AE3B-4549-A272-D0FFA4DFE582}"
EndProject
Project("{FAE04EC0-301F-11D3-BF4B-00C04F79EFBC}") = "17-CRUD-Personas-UWP-DAL", "17-CRUD-Personas-UWP-DAL\17-CRUD-Personas-UWP-DAL.csproj", "{82839A9E-08DC-46ED-97A3-2BDB8EA93C6D}"
EndProject
Project("{FAE04EC0-301F-11D3-BF4B-00C04F79EFBC}") = "17-CRUD-Personas-UWP-ET", "17-CRUD-Personas-UWP-ET\17-CRUD-Personas-UWP-ET.csproj", "{F6BB12A1-D755-47CD-9E4F-BB9F2B2868FA}"
EndProject
Project("{FAE04EC0-301F-11D3-BF4B-00C04F79EFBC}") = "17-CRUD-Personas-UWP-BL", "17-CRUD-Personas-UWP-BL\17-CRUD-Personas-UWP-BL.csproj", "{53BA6AF6-9C13-4F05-A4C1-E9BC54A1DEE3}"
EndProject
Global
	GlobalSection(SolutionConfigurationPlatforms) = preSolution
		Debug|Any CPU = Debug|Any CPU
		Debug|ARM = Debug|ARM
		Debug|x64 = Debug|x64
		Debug|x86 = Debug|x86
		Release|Any CPU = Release|Any CPU
		Release|ARM = Release|ARM
		Release|x64 = Release|x64
		Release|x86 = Release|x86
	EndGlobalSection
	GlobalSection(ProjectConfigurationPlatforms) = postSolution
		{FDDF6986-AE3B-4549-A272-D0FFA4DFE582}.Debug|Any CPU.ActiveCfg = Debug|x86
		{FDDF6986-AE3B-4549-A272-D0FFA4DFE582}.Debug|ARM.ActiveCfg = Debug|ARM
		{FDDF6986-AE3B-4549-A272-D0FFA4DFE582}.Debug|ARM.Build.0 = Debug|ARM
		{FDDF6986-AE3B-4549-A272-D0FFA4DFE582}.Debug|ARM.Deploy.0 = Debug|ARM
		{FDDF6986-AE3B-4549-A272-D0FFA4DFE582}.Debug|x64.ActiveCfg = Debug|x64
		{FDDF6986-AE3B-4549-A272-D0FFA4DFE582}.Debug|x64.Build.0 = Debug|x64
		{FDDF6986-AE3B-4549-A272-D0FFA4DFE582}.Debug|x64.Deploy.0 = Debug|x64
		{FDDF6986-AE3B-4549-A272-D0FFA4DFE582}.Debug|x86.ActiveCfg = Debug|x86
		{FDDF6986-AE3B-4549-A272-D0FFA4DFE582}.Debug|x86.Build.0 = Debug|x86
		{FDDF6986-AE3B-4549-A272-D0FFA4DFE582}.Debug|x86.Deploy.0 = Debug|x86
		{FDDF6986-AE3B-4549-A272-D0FFA4DFE582}.Release|Any CPU.ActiveCfg = Release|x86
		{FDDF6986-AE3B-4549-A272-D0FFA4DFE582}.Release|ARM.ActiveCfg = Release|ARM
		{FDDF6986-AE3B-4549-A272-D0FFA4DFE582}.Release|ARM.Build.0 = Release|ARM
		{FDDF6986-AE3B-4549-A272-D0FFA4DFE582}.Release|ARM.Deploy.0 = Release|ARM
		{FDDF6986-AE3B-4549-A272-D0FFA4DFE582}.Release|x64.ActiveCfg = Release|x64
		{FDDF6986-AE3B-4549-A272-D0FFA4DFE582}.Release|x64.Build.0 = Release|x64
		{FDDF6986-AE3B-4549-A272-D0FFA4DFE582}.Release|x64.Deploy.0 = Release|x64
		{FDDF6986-AE3B-4549-A272-D0FFA4DFE582}.Release|x86.ActiveCfg = Release|x86
		{FDDF6986-AE3B-4549-A272-D0FFA4DFE582}.Release|x86.Build.0 = Release|x86
		{FDDF6986-AE3B-4549-A272-D0FFA4DFE582}.Release|x86.Deploy.0 = Release|x86
		{82839A9E-08DC-46ED-97A3-2BDB8EA93C6D}.Debug|Any CPU.ActiveCfg = Debug|Any CPU
		{82839A9E-08DC-46ED-97A3-2BDB8EA93C6D}.Debug|Any CPU.Build.0 = Debug|Any CPU
		{82839A9E-08DC-46ED-97A3-2BDB8EA93C6D}.Debug|ARM.ActiveCfg = Debug|ARM
		{82839A9E-08DC-46ED-97A3-2BDB8EA93C6D}.Debug|ARM.Build.0 = Debug|ARM
		{82839A9E-08DC-46ED-97A3-2BDB8EA93C6D}.Debug|x64.ActiveCfg = Debug|x64
		{82839A9E-08DC-46ED-97A3-2BDB8EA93C6D}.Debug|x64.Build.0 = Debug|x64
		{82839A9E-08DC-46ED-97A3-2BDB8EA93C6D}.Debug|x86.ActiveCfg = Debug|x86
		{82839A9E-08DC-46ED-97A3-2BDB8EA93C6D}.Debug|x86.Build.0 = Debug|x86
		{82839A9E-08DC-46ED-97A3-2BDB8EA93C6D}.Release|Any CPU.ActiveCfg = Release|Any CPU
		{82839A9E-08DC-46ED-97A3-2BDB8EA93C6D}.Release|Any CPU.Build.0 = Release|Any CPU
		{82839A9E-08DC-46ED-97A3-2BDB8EA93C6D}.Release|ARM.ActiveCfg = Release|ARM
		{82839A9E-08DC-46ED-97A3-2BDB8EA93C6D}.Release|ARM.Build.0 = Release|ARM
		{82839A9E-08DC-46ED-97A3-2BDB8EA93C6D}.Release|x64.ActiveCfg = Release|x64
		{82839A9E-08DC-46ED-97A3-2BDB8EA93C6D}.Release|x64.Build.0 = Release|x64
		{82839A9E-08DC-46ED-97A3-2BDB8EA93C6D}.Release|x86.ActiveCfg = Release|x86
		{82839A9E-08DC-46ED-97A3-2BDB8EA93C6D}.Release|x86.Build.0 = Release|x86
		{F6BB12A1-D755-47CD-9E4F-BB9F2B2868FA}.Debug|Any CPU.ActiveCfg = Debug|Any CPU
		{F6BB12A1-D755-47CD-9E4F-BB9F2B2868FA}.Debug|Any CPU.Build.0 = Debug|Any CPU
		{F6BB12A1-D755-47CD-9E4F-BB9F2B2868FA}.Debug|ARM.ActiveCfg = Debug|ARM
		{F6BB12A1-D755-47CD-9E4F-BB9F2B2868FA}.Debug|ARM.Build.0 = Debug|ARM
		{F6BB12A1-D755-47CD-9E4F-BB9F2B2868FA}.Debug|x64.ActiveCfg = Debug|x64
		{F6BB12A1-D755-47CD-9E4F-BB9F2B2868FA}.Debug|x64.Build.0 = Debug|x64
		{F6BB12A1-D755-47CD-9E4F-BB9F2B2868FA}.Debug|x86.ActiveCfg = Debug|x86
		{F6BB12A1-D755-47CD-9E4F-BB9F2B2868FA}.Debug|x86.Build.0 = Debug|x86
		{F6BB12A1-D755-47CD-9E4F-BB9F2B2868FA}.Release|Any CPU.ActiveCfg = Release|Any CPU
		{F6BB12A1-D755-47CD-9E4F-BB9F2B2868FA}.Release|Any CPU.Build.0 = Release|Any CPU
		{F6BB12A1-D755-47CD-9E4F-BB9F2B2868FA}.Release|ARM.ActiveCfg = Release|ARM
		{F6BB12A1-D755-47CD-9E4F-BB9F2B2868FA}.Release|ARM.Build.0 = Release|ARM
		{F6BB12A1-D755-47CD-9E4F-BB9F2B2868FA}.Release|x64.ActiveCfg = Release|x64
		{F6BB12A1-D755-47CD-9E4F-BB9F2B2868FA}.Release|x64.Build.0 = Release|x64
		{F6BB12A1-D755-47CD-9E4F-BB9F2B2868FA}.Release|x86.ActiveCfg = Release|x86
		{F6BB12A1-D755-47CD-9E4F-BB9F2B2868FA}.Release|x86.Build.0 = Release|x86
		{53BA6AF6-9C13-4F05-A4C1-E9BC54A1DEE3}.Debug|Any CPU.ActiveCfg = Debug|Any CPU
		{53BA6AF6-9C13-4F05-A4C1-E9BC54A1DEE3}.Debug|Any CPU.Build.0 = Debug|Any CPU
		{53BA6AF6-9C13-4F05-A4C1-E9BC54A1DEE3}.Debug|ARM.ActiveCfg = Debug|ARM
		{53BA6AF6-9C13-4F05-A4C1-E9BC54A1DEE3}.Debug|ARM.Build.0 = Debug|ARM
		{53BA6AF6-9C13-4F05-A4C1-E9BC54A1DEE3}.Debug|x64.ActiveCfg = Debug|x64
		{53BA6AF6-9C13-4F05-A4C1-E9BC54A1DEE3}.Debug|x64.Build.0 = Debug|x64
		{53BA6AF6-9C13-4F05-A4C1-E9BC54A1DEE3}.Debug|x86.ActiveCfg = Debug|x86
		{53BA6AF6-9C13-4F05-A4C1-E9BC54A1DEE3}.Debug|x86.Build.0 = Debug|x86
		{53BA6AF6-9C13-4F05-A4C1-E9BC54A1DEE3}.Release|Any CPU.ActiveCfg = Release|Any CPU
		{53BA6AF6-9C13-4F05-A4C1-E9BC54A1DEE3}.Release|Any CPU.Build.0 = Release|Any CPU
		{53BA6AF6-9C13-4F05-A4C1-E9BC54A1DEE3}.Release|ARM.ActiveCfg = Release|ARM
		{53BA6AF6-9C13-4F05-A4C1-E9BC54A1DEE3}.Release|ARM.Build.0 = Release|ARM
		{53BA6AF6-9C13-4F05-A4C1-E9BC54A1DEE3}.Release|x64.ActiveCfg = Release|x64
		{53BA6AF6-9C13-4F05-A4C1-E9BC54A1DEE3}.Release|x64.Build.0 = Release|x64
		{53BA6AF6-9C13-4F05-A4C1-E9BC54A1DEE3}.Release|x86.ActiveCfg = Release|x86
		{53BA6AF6-9C13-4F05-A4C1-E9BC54A1DEE3}.Release|x86.Build.0 = Release|x86
	EndGlobalSection
	GlobalSection(SolutionProperties) = preSolution
		HideSolutionNode = FALSE
	EndGlobalSection
	GlobalSection(ExtensibilityGlobals) = postSolution
		SolutionGuid = {D5BA8C18-0B99-4749-B268-40B643177B9F}
	EndGlobalSection
EndGlobal
