
Microsoft Visual Studio Solution File, Format Version 12.00
# Visual Studio 15
VisualStudioVersion = 15.0.26730.15
MinimumVisualStudioVersion = 10.0.40219.1
Project("{FAE04EC0-301F-11D3-BF4B-00C04F79EFBC}") = "SaludatorBot", "SaludatorBot\SaludatorBot.csproj", "{ABA61928-8686-4226-9D98-9BF47B228994}"
EndProject
Global
	GlobalSection(SolutionConfigurationPlatforms) = preSolution
		Debug|Any CPU = Debug|Any CPU
		Release|Any CPU = Release|Any CPU
	EndGlobalSection
	GlobalSection(ProjectConfigurationPlatforms) = postSolution
		{ABA61928-8686-4226-9D98-9BF47B228994}.Debug|Any CPU.ActiveCfg = Debug|Any CPU
		{ABA61928-8686-4226-9D98-9BF47B228994}.Debug|Any CPU.Build.0 = Debug|Any CPU
		{ABA61928-8686-4226-9D98-9BF47B228994}.Release|Any CPU.ActiveCfg = Release|Any CPU
		{ABA61928-8686-4226-9D98-9BF47B228994}.Release|Any CPU.Build.0 = Release|Any CPU
	EndGlobalSection
	GlobalSection(SolutionProperties) = preSolution
		HideSolutionNode = FALSE
	EndGlobalSection
	GlobalSection(ExtensibilityGlobals) = postSolution
		SolutionGuid = {379211C5-3379-4B6F-A840-47D5B248A4CB}
	EndGlobalSection
EndGlobal
